
Microsoft Visual Studio Solution File, Format Version 12.00
# Visual Studio 15
VisualStudioVersion = 15.0.28010.2046
MinimumVisualStudioVersion = 10.0.40219.1
Project("{9A19103F-16F7-4668-BE54-9A1E7A4F7556}") = "JnJ.EAS.MonthlyTicketTracker", "IRISTicketTracker\JnJ.EAS.MonthlyTicketTracker.csproj", "{75E436F9-0215-4110-B62A-1979D12E06B7}"
EndProject
Project("{FAE04EC0-301F-11D3-BF4B-00C04F79EFBC}") = "JnJ.EAS.TicketTracker.Core", "JnJ.EAS.TicketTracker.Core\JnJ.EAS.TicketTracker.Core.csproj", "{B36F8F03-ACF0-49A5-9BF5-BDA67CFD6B2B}"
EndProject
Global
	GlobalSection(SolutionConfigurationPlatforms) = preSolution
		Debug|Any CPU = Debug|Any CPU
		Release|Any CPU = Release|Any CPU
	EndGlobalSection
	GlobalSection(ProjectConfigurationPlatforms) = postSolution
		{75E436F9-0215-4110-B62A-1979D12E06B7}.Debug|Any CPU.ActiveCfg = Debug|Any CPU
		{75E436F9-0215-4110-B62A-1979D12E06B7}.Debug|Any CPU.Build.0 = Debug|Any CPU
		{75E436F9-0215-4110-B62A-1979D12E06B7}.Release|Any CPU.ActiveCfg = Release|Any CPU
		{75E436F9-0215-4110-B62A-1979D12E06B7}.Release|Any CPU.Build.0 = Release|Any CPU
		{B36F8F03-ACF0-49A5-9BF5-BDA67CFD6B2B}.Debug|Any CPU.ActiveCfg = Debug|Any CPU
		{B36F8F03-ACF0-49A5-9BF5-BDA67CFD6B2B}.Debug|Any CPU.Build.0 = Debug|Any CPU
		{B36F8F03-ACF0-49A5-9BF5-BDA67CFD6B2B}.Release|Any CPU.ActiveCfg = Release|Any CPU
		{B36F8F03-ACF0-49A5-9BF5-BDA67CFD6B2B}.Release|Any CPU.Build.0 = Release|Any CPU
	EndGlobalSection
	GlobalSection(SolutionProperties) = preSolution
		HideSolutionNode = FALSE
	EndGlobalSection
	GlobalSection(ExtensibilityGlobals) = postSolution
		SolutionGuid = {7ED34723-7CC2-40E3-8A78-994E7928EFD4}
	EndGlobalSection
EndGlobal
